Microsoft Visual Studio Solution File, Format Version 12.00
# Visual Studio Version 17
VisualStudioVersion = 17.5.2.0
MinimumVisualStudioVersion = 10.0.40219.1
Project("{2150E333-8FDC-42A3-9474-1A3956D46DE8}") = "trash dump", "trash dump", "{B22CD552-5793-C8F5-CFF3-3E0B676CCC5B}"
EndProject
Project("{2150E333-8FDC-42A3-9474-1A3956D46DE8}") = "backend", "backend", "{1AE8ACA6-933B-BF2A-3671-3E2EAC007D16}"
EndProject
Project("{FAE04EC0-301F-11D3-BF4B-00C04F79EFBC}") = "Amuse.Api", "trash dump\backend\Amuse.Api.csproj", "{0B850A70-F2F0-567B-25C0-C256AC573FC6}"
EndProject
Project("{2150E333-8FDC-42A3-9474-1A3956D46DE8}") = "tests", "tests", "{F57642F3-C37C-D174-720E-6A6AAD5BEE22}"
EndProject
Project("{FAE04EC0-301F-11D3-BF4B-00C04F79EFBC}") = "Amuse.Modules.Discovery.Tests", "backend\tests\Amuse.Modules.Discovery.Tests\Amuse.Modules.Discovery.Tests.csproj", "{E0632B92-8989-7D71-B77A-7CDAC6C27513}"
EndProject
Project("{FAE04EC0-301F-11D3-BF4B-00C04F79EFBC}") = "Amuse.Modules.Playback.Tests", "backend\tests\Amuse.Modules.Playback.Tests\Amuse.Modules.Playback.Tests.csproj", "{16CD338D-E60C-B650-B63F-9FC37DDB3AF5}"
EndProject
Project("{FAE04EC0-301F-11D3-BF4B-00C04F79EFBC}") = "Amuse.Worker.Transcoder.Tests", "backend\tests\Amuse.Worker.Transcoder.Tests\Amuse.Worker.Transcoder.Tests.csproj", "{DA6AF311-27A1-3F17-B5DB-1F0B880DC599}"
EndProject
Project("{FAE04EC0-301F-11D3-BF4B-00C04F79EFBC}") = "Amuse.Modules.Ingestion.Tests", "backend\tests\Amuse.Modules.Ingestion.Tests\Amuse.Modules.Ingestion.Tests.csproj", "{7E2CC107-579D-8D2A-9B0B-D8DFB623F8F1}"
EndProject
Project("{FAE04EC0-301F-11D3-BF4B-00C04F79EFBC}") = "Amuse.Domain.Tests", "backend\tests\Amuse.Domain.Tests\Amuse.Domain.Tests.csproj", "{F05F4486-9F73-EFF0-9AA7-642CCF4ECBDD}"
EndProject
Project("{FAE04EC0-301F-11D3-BF4B-00C04F79EFBC}") = "Amuse.Modules.Billing.Tests", "backend\tests\Amuse.Modules.Billing.Tests\Amuse.Modules.Billing.Tests.csproj", "{FE596856-4628-7176-FA5E-4DED37C0F6DF}"
EndProject
Project("{FAE04EC0-301F-11D3-BF4B-00C04F79EFBC}") = "Amuse.Modules.Recommendation.Tests", "backend\tests\Amuse.Modules.Recommendation.Tests\Amuse.Modules.Recommendation.Tests.csproj", "{357936C1-3D0C-CB47-2449-D8A5C5042036}"
EndProject
Project("{FAE04EC0-301F-11D3-BF4B-00C04F79EFBC}") = "Amuse.Api.IntegrationTests", "backend\tests\Amuse.Api.IntegrationTests\Amuse.Api.IntegrationTests.csproj", "{0FED13E5-6CFC-9940-70A9-6DCBA74AE031}"
EndProject
Project("{FAE04EC0-301F-11D3-BF4B-00C04F79EFBC}") = "Amuse.Modules.Catalog.Tests", "backend\tests\Amuse.Modules.Catalog.Tests\Amuse.Modules.Catalog.Tests.csproj", "{6AF1DE0C-4362-73D3-B4C0-67957771A3B5}"
EndProject
Project("{FAE04EC0-301F-11D3-BF4B-00C04F79EFBC}") = "Amuse.Modules.Tenancy.Tests", "backend\tests\Amuse.Modules.Tenancy.Tests\Amuse.Modules.Tenancy.Tests.csproj", "{5EC7D03B-4866-8200-2DA5-539C1521284F}"
EndProject
Project("{FAE04EC0-301F-11D3-BF4B-00C04F79EFBC}") = "Amuse.Modules.Telemetry.Tests", "backend\tests\Amuse.Modules.Telemetry.Tests\Amuse.Modules.Telemetry.Tests.csproj", "{4E143FD2-539F-96D3-01EF-A7D126FB980D}"
EndProject
Project("{FAE04EC0-301F-11D3-BF4B-00C04F79EFBC}") = "Amuse.Modules.Moderation.Tests", "backend\tests\Amuse.Modules.Moderation.Tests\Amuse.Modules.Moderation.Tests.csproj", "{1F2B1978-D4A5-2FE3-10E1-AE3D8D0FFE07}"
EndProject
Project("{FAE04EC0-301F-11D3-BF4B-00C04F79EFBC}") = "Amuse.Modules.Identity.Tests", "backend\tests\Amuse.Modules.Identity.Tests\Amuse.Modules.Identity.Tests.csproj", "{8E057853-CD48-4BB5-274F-7FDF4F98B028}"
EndProject
Project("{2150E333-8FDC-42A3-9474-1A3956D46DE8}") = "src", "src", "{0F9113EE-888A-26D2-68B0-4A7D0A2A8745}"
EndProject
Project("{FAE04EC0-301F-11D3-BF4B-00C04F79EFBC}") = "Amuse.Modules", "backend\src\Amuse.Modules\Amuse.Modules.csproj", "{25D16F17-EAD6-22C1-DA4F-09F78F9B6C8F}"
EndProject
Project("{FAE04EC0-301F-11D3-BF4B-00C04F79EFBC}") = "Amuse.Contracts", "backend\src\Amuse.Contracts\Amuse.Contracts.csproj", "{8D081A83-77BA-CADA-1806-1E3ADA0B90AB}"
EndProject
Project("{FAE04EC0-301F-11D3-BF4B-00C04F79EFBC}") = "Amuse.Domain", "backend\src\Amuse.Domain\Amuse.Domain.csproj", "{70C62236-9AFE-0C94-770D-84E3F3C38484}"
EndProject
Project("{FAE04EC0-301F-11D3-BF4B-00C04F79EFBC}") = "Amuse.Api", "backend\src\Amuse.Api\Amuse.Api.csproj", "{94E8FE61-7A43-C586-777B-B02FFAC99340}"
EndProject
Project("{FAE04EC0-301F-11D3-BF4B-00C04F79EFBC}") = "Amuse.Worker.Transcoder", "backend\src\Amuse.Worker.Transcoder\Amuse.Worker.Transcoder.csproj", "{BB93572B-1BC8-EA67-27EB-A57A35DB9C9A}"
EndProject
Global
	GlobalSection(SolutionConfigurationPlatforms) = preSolution
		Debug|Any CPU = Debug|Any CPU
		Release|Any CPU = Release|Any CPU
	EndGlobalSection
	GlobalSection(ProjectConfigurationPlatforms) = postSolution
		{0B850A70-F2F0-567B-25C0-C256AC573FC6}.Debug|Any CPU.ActiveCfg = Debug|Any CPU
		{0B850A70-F2F0-567B-25C0-C256AC573FC6}.Debug|Any CPU.Build.0 = Debug|Any CPU
		{0B850A70-F2F0-567B-25C0-C256AC573FC6}.Release|Any CPU.ActiveCfg = Release|Any CPU
		{0B850A70-F2F0-567B-25C0-C256AC573FC6}.Release|Any CPU.Build.0 = Release|Any CPU
		{E0632B92-8989-7D71-B77A-7CDAC6C27513}.Debug|Any CPU.ActiveCfg = Debug|Any CPU
		{E0632B92-8989-7D71-B77A-7CDAC6C27513}.Debug|Any CPU.Build.0 = Debug|Any CPU
		{E0632B92-8989-7D71-B77A-7CDAC6C27513}.Release|Any CPU.ActiveCfg = Release|Any CPU
		{E0632B92-8989-7D71-B77A-7CDAC6C27513}.Release|Any CPU.Build.0 = Release|Any CPU
		{16CD338D-E60C-B650-B63F-9FC37DDB3AF5}.Debug|Any CPU.ActiveCfg = Debug|Any CPU
		{16CD338D-E60C-B650-B63F-9FC37DDB3AF5}.Debug|Any CPU.Build.0 = Debug|Any CPU
		{16CD338D-E60C-B650-B63F-9FC37DDB3AF5}.Release|Any CPU.ActiveCfg = Release|Any CPU
		{16CD338D-E60C-B650-B63F-9FC37DDB3AF5}.Release|Any CPU.Build.0 = Release|Any CPU
		{DA6AF311-27A1-3F17-B5DB-1F0B880DC599}.Debug|Any CPU.ActiveCfg = Debug|Any CPU
		{DA6AF311-27A1-3F17-B5DB-1F0B880DC599}.Debug|Any CPU.Build.0 = Debug|Any CPU
		{DA6AF311-27A1-3F17-B5DB-1F0B880DC599}.Release|Any CPU.ActiveCfg = Release|Any CPU
		{DA6AF311-27A1-3F17-B5DB-1F0B880DC599}.Release|Any CPU.Build.0 = Release|Any CPU
		{7E2CC107-579D-8D2A-9B0B-D8DFB623F8F1}.Debug|Any CPU.ActiveCfg = Debug|Any CPU
		{7E2CC107-579D-8D2A-9B0B-D8DFB623F8F1}.Debug|Any CPU.Build.0 = Debug|Any CPU
		{7E2CC107-579D-8D2A-9B0B-D8DFB623F8F1}.Release|Any CPU.ActiveCfg = Release|Any CPU
		{7E2CC107-579D-8D2A-9B0B-D8DFB623F8F1}.Release|Any CPU.Build.0 = Release|Any CPU
		{F05F4486-9F73-EFF0-9AA7-642CCF4ECBDD}.Debug|Any CPU.ActiveCfg = Debug|Any CPU
		{F05F4486-9F73-EFF0-9AA7-642CCF4ECBDD}.Debug|Any CPU.Build.0 = Debug|Any CPU
		{F05F4486-9F73-EFF0-9AA7-642CCF4ECBDD}.Release|Any CPU.ActiveCfg = Release|Any CPU
		{F05F4486-9F73-EFF0-9AA7-642CCF4ECBDD}.Release|Any CPU.Build.0 = Release|Any CPU
		{FE596856-4628-7176-FA5E-4DED37C0F6DF}.Debug|Any CPU.ActiveCfg = Debug|Any CPU
		{FE596856-4628-7176-FA5E-4DED37C0F6DF}.Debug|Any CPU.Build.0 = Debug|Any CPU
		{FE596856-4628-7176-FA5E-4DED37C0F6DF}.Release|Any CPU.ActiveCfg = Release|Any CPU
		{FE596856-4628-7176-FA5E-4DED37C0F6DF}.Release|Any CPU.Build.0 = Release|Any CPU
		{357936C1-3D0C-CB47-2449-D8A5C5042036}.Debug|Any CPU.ActiveCfg = Debug|Any CPU
		{357936C1-3D0C-CB47-2449-D8A5C5042036}.Debug|Any CPU.Build.0 = Debug|Any CPU
		{357936C1-3D0C-CB47-2449-D8A5C5042036}.Release|Any CPU.ActiveCfg = Release|Any CPU
		{357936C1-3D0C-CB47-2449-D8A5C5042036}.Release|Any CPU.Build.0 = Release|Any CPU
		{0FED13E5-6CFC-9940-70A9-6DCBA74AE031}.Debug|Any CPU.ActiveCfg = Debug|Any CPU
		{0FED13E5-6CFC-9940-70A9-6DCBA74AE031}.Debug|Any CPU.Build.0 = Debug|Any CPU
		{0FED13E5-6CFC-9940-70A9-6DCBA74AE031}.Release|Any CPU.ActiveCfg = Release|Any CPU
		{0FED13E5-6CFC-9940-70A9-6DCBA74AE031}.Release|Any CPU.Build.0 = Release|Any CPU
		{6AF1DE0C-4362-73D3-B4C0-67957771A3B5}.Debug|Any CPU.ActiveCfg = Debug|Any CPU
		{6AF1DE0C-4362-73D3-B4C0-67957771A3B5}.Debug|Any CPU.Build.0 = Debug|Any CPU
		{6AF1DE0C-4362-73D3-B4C0-67957771A3B5}.Release|Any CPU.ActiveCfg = Release|Any CPU
		{6AF1DE0C-4362-73D3-B4C0-67957771A3B5}.Release|Any CPU.Build.0 = Release|Any CPU
		{5EC7D03B-4866-8200-2DA5-539C1521284F}.Debug|Any CPU.ActiveCfg = Debug|Any CPU
		{5EC7D03B-4866-8200-2DA5-539C1521284F}.Debug|Any CPU.Build.0 = Debug|Any CPU
		{5EC7D03B-4866-8200-2DA5-539C1521284F}.Release|Any CPU.ActiveCfg = Release|Any CPU
		{5EC7D03B-4866-8200-2DA5-539C1521284F}.Release|Any CPU.Build.0 = Release|Any CPU
		{4E143FD2-539F-96D3-01EF-A7D126FB980D}.Debug|Any CPU.ActiveCfg = Debug|Any CPU
		{4E143FD2-539F-96D3-01EF-A7D126FB980D}.Debug|Any CPU.Build.0 = Debug|Any CPU
		{4E143FD2-539F-96D3-01EF-A7D126FB980D}.Release|Any CPU.ActiveCfg = Release|Any CPU
		{4E143FD2-539F-96D3-01EF-A7D126FB980D}.Release|Any CPU.Build.0 = Release|Any CPU
		{1F2B1978-D4A5-2FE3-10E1-AE3D8D0FFE07}.Debug|Any CPU.ActiveCfg = Debug|Any CPU
		{1F2B1978-D4A5-2FE3-10E1-AE3D8D0FFE07}.Debug|Any CPU.Build.0 = Debug|Any CPU
		{1F2B1978-D4A5-2FE3-10E1-AE3D8D0FFE07}.Release|Any CPU.ActiveCfg = Release|Any CPU
		{1F2B1978-D4A5-2FE3-10E1-AE3D8D0FFE07}.Release|Any CPU.Build.0 = Release|Any CPU
		{8E057853-CD48-4BB5-274F-7FDF4F98B028}.Debug|Any CPU.ActiveCfg = Debug|Any CPU
		{8E057853-CD48-4BB5-274F-7FDF4F98B028}.Debug|Any CPU.Build.0 = Debug|Any CPU
		{8E057853-CD48-4BB5-274F-7FDF4F98B028}.Release|Any CPU.ActiveCfg = Release|Any CPU
		{8E057853-CD48-4BB5-274F-7FDF4F98B028}.Release|Any CPU.Build.0 = Release|Any CPU
		{25D16F17-EAD6-22C1-DA4F-09F78F9B6C8F}.Debug|Any CPU.ActiveCfg = Debug|Any CPU
		{25D16F17-EAD6-22C1-DA4F-09F78F9B6C8F}.Debug|Any CPU.Build.0 = Debug|Any CPU
		{25D16F17-EAD6-22C1-DA4F-09F78F9B6C8F}.Release|Any CPU.ActiveCfg = Release|Any CPU
		{25D16F17-EAD6-22C1-DA4F-09F78F9B6C8F}.Release|Any CPU.Build.0 = Release|Any CPU
		{8D081A83-77BA-CADA-1806-1E3ADA0B90AB}.Debug|Any CPU.ActiveCfg = Debug|Any CPU
		{8D081A83-77BA-CADA-1806-1E3ADA0B90AB}.Debug|Any CPU.Build.0 = Debug|Any CPU
		{8D081A83-77BA-CADA-1806-1E3ADA0B90AB}.Release|Any CPU.ActiveCfg = Release|Any CPU
		{8D081A83-77BA-CADA-1806-1E3ADA0B90AB}.Release|Any CPU.Build.0 = Release|Any CPU
		{70C62236-9AFE-0C94-770D-84E3F3C38484}.Debug|Any CPU.ActiveCfg = Debug|Any CPU
		{70C62236-9AFE-0C94-770D-84E3F3C38484}.Debug|Any CPU.Build.0 = Debug|Any CPU
		{70C62236-9AFE-0C94-770D-84E3F3C38484}.Release|Any CPU.ActiveCfg = Release|Any CPU
		{70C62236-9AFE-0C94-770D-84E3F3C38484}.Release|Any CPU.Build.0 = Release|Any CPU
		{94E8FE61-7A43-C586-777B-B02FFAC99340}.Debug|Any CPU.ActiveCfg = Debug|Any CPU
		{94E8FE61-7A43-C586-777B-B02FFAC99340}.Debug|Any CPU.Build.0 = Debug|Any CPU
		{94E8FE61-7A43-C586-777B-B02FFAC99340}.Release|Any CPU.ActiveCfg = Release|Any CPU
		{94E8FE61-7A43-C586-777B-B02FFAC99340}.Release|Any CPU.Build.0 = Release|Any CPU
		{BB93572B-1BC8-EA67-27EB-A57A35DB9C9A}.Debug|Any CPU.ActiveCfg = Debug|Any CPU
		{BB93572B-1BC8-EA67-27EB-A57A35DB9C9A}.Debug|Any CPU.Build.0 = Debug|Any CPU
		{BB93572B-1BC8-EA67-27EB-A57A35DB9C9A}.Release|Any CPU.ActiveCfg = Release|Any CPU
		{BB93572B-1BC8-EA67-27EB-A57A35DB9C9A}.Release|Any CPU.Build.0 = Release|Any CPU
	EndGlobalSection
	GlobalSection(SolutionProperties) = preSolution
		HideSolutionNode = FALSE
	EndGlobalSection
	GlobalSection(NestedProjects) = preSolution
		{0B850A70-F2F0-567B-25C0-C256AC573FC6} = {B22CD552-5793-C8F5-CFF3-3E0B676CCC5B}
		{F57642F3-C37C-D174-720E-6A6AAD5BEE22} = {1AE8ACA6-933B-BF2A-3671-3E2EAC007D16}
		{E0632B92-8989-7D71-B77A-7CDAC6C27513} = {F57642F3-C37C-D174-720E-6A6AAD5BEE22}
		{16CD338D-E60C-B650-B63F-9FC37DDB3AF5} = {F57642F3-C37C-D174-720E-6A6AAD5BEE22}
		{DA6AF311-27A1-3F17-B5DB-1F0B880DC599} = {F57642F3-C37C-D174-720E-6A6AAD5BEE22}
		{7E2CC107-579D-8D2A-9B0B-D8DFB623F8F1} = {F57642F3-C37C-D174-720E-6A6AAD5BEE22}
		{F05F4486-9F73-EFF0-9AA7-642CCF4ECBDD} = {F57642F3-C37C-D174-720E-6A6AAD5BEE22}
		{FE596856-4628-7176-FA5E-4DED37C0F6DF} = {F57642F3-C37C-D174-720E-6A6AAD5BEE22}
		{357936C1-3D0C-CB47-2449-D8A5C5042036} = {F57642F3-C37C-D174-720E-6A6AAD5BEE22}
		{0FED13E5-6CFC-9940-70A9-6DCBA74AE031} = {F57642F3-C37C-D174-720E-6A6AAD5BEE22}
		{6AF1DE0C-4362-73D3-B4C0-67957771A3B5} = {F57642F3-C37C-D174-720E-6A6AAD5BEE22}
		{5EC7D03B-4866-8200-2DA5-539C1521284F} = {F57642F3-C37C-D174-720E-6A6AAD5BEE22}
		{4E143FD2-539F-96D3-01EF-A7D126FB980D} = {F57642F3-C37C-D174-720E-6A6AAD5BEE22}
		{1F2B1978-D4A5-2FE3-10E1-AE3D8D0FFE07} = {F57642F3-C37C-D174-720E-6A6AAD5BEE22}
		{8E057853-CD48-4BB5-274F-7FDF4F98B028} = {F57642F3-C37C-D174-720E-6A6AAD5BEE22}
		{0F9113EE-888A-26D2-68B0-4A7D0A2A8745} = {1AE8ACA6-933B-BF2A-3671-3E2EAC007D16}
		{25D16F17-EAD6-22C1-DA4F-09F78F9B6C8F} = {0F9113EE-888A-26D2-68B0-4A7D0A2A8745}
		{8D081A83-77BA-CADA-1806-1E3ADA0B90AB} = {0F9113EE-888A-26D2-68B0-4A7D0A2A8745}
		{70C62236-9AFE-0C94-770D-84E3F3C38484} = {0F9113EE-888A-26D2-68B0-4A7D0A2A8745}
		{94E8FE61-7A43-C586-777B-B02FFAC99340} = {0F9113EE-888A-26D2-68B0-4A7D0A2A8745}
		{BB93572B-1BC8-EA67-27EB-A57A35DB9C9A} = {0F9113EE-888A-26D2-68B0-4A7D0A2A8745}
	EndGlobalSection
	GlobalSection(ExtensibilityGlobals) = postSolution
		SolutionGuid = {14E5BDFF-416E-4233-B7F8-C5C4997BB9C1}
	EndGlobalSection
EndGlobal
